
Microsoft Visual Studio Solution File, Format Version 12.00
# Visual Studio Version 17
VisualStudioVersion = 17.2.32616.157
MinimumVisualStudioVersion = 10.0.40219.1
Project("{FAE04EC0-301F-11D3-BF4B-00C04F79EFBC}") = "C-Sharp-Practice", "C-Sharp-Practice\C-Sharp-Practice.csproj", "{6CCE5401-B1BF-4468-A242-DF5A2744571B}"
EndProject
Global
	GlobalSection(SolutionConfigurationPlatforms) = preSolution
		Debug|Any CPU = Debug|Any CPU
		Release|Any CPU = Release|Any CPU
	EndGlobalSection
	GlobalSection(ProjectConfigurationPlatforms) = postSolution
		{6CCE5401-B1BF-4468-A242-DF5A2744571B}.Debug|Any CPU.ActiveCfg = Debug|Any CPU
		{6CCE5401-B1BF-4468-A242-DF5A2744571B}.Debug|Any CPU.Build.0 = Debug|Any CPU
		{6CCE5401-B1BF-4468-A242-DF5A2744571B}.Release|Any CPU.ActiveCfg = Release|Any CPU
		{6CCE5401-B1BF-4468-A242-DF5A2744571B}.Release|Any CPU.Build.0 = Release|Any CPU
	EndGlobalSection
	GlobalSection(SolutionProperties) = preSolution
		HideSolutionNode = FALSE
	EndGlobalSection
	GlobalSection(ExtensibilityGlobals) = postSolution
		SolutionGuid = {8B268A43-29AF-469E-AC7B-EFCD515C04B9}
	EndGlobalSection
EndGlobal
